{
  "version": 4,
  "terraform_version": "1.7.5",
  "serial": 70,
  "lineage": "e218bb77-7023-0a8e-71da-82c36418ffbc",
  "outputs": {
    "external_ip_address_vm_1": {
      "value": "84.201.179.210",
      "type": "string"
    },
    "internal_ip_address_vm_1": {
      "value": "192.168.10.29",
      "type": "string"
    }
  },
  "resources": [
    {
      "mode": "managed",
      "type": "yandex_compute_instance",
      "name": "vm-1",
      "provider": "provider[\"registry.terraform.io/yandex-cloud/yandex\"]",
      "instances": [
        {
          "schema_version": 1,
          "attributes": {
            "allow_recreate": null,
            "allow_stopping_for_update": null,
            "boot_disk": [
              {
                "auto_delete": true,
                "device_name": "epdv4021hssrlium3h21",
                "disk_id": "epdv4021hssrlium3h21",
                "initialize_params": [
                  {
                    "block_size": 4096,
                    "description": "",
                    "image_id": "fd8aadpj5i9mrmu5bit1",
                    "name": "",
                    "size": 25,
                    "snapshot_id": "",
                    "type": "network-hdd"
                  }
                ],
                "mode": "READ_WRITE"
              }
            ],
            "created_at": "2024-03-31T17:25:15Z",
            "description": "",
            "filesystem": [],
            "folder_id": "b1g4f73qtp3tnt39eta9",
            "fqdn": "epd8d37s48s2175t8e3p.auto.internal",
            "gpu_cluster_id": "",
            "hostname": "",
            "id": "epd8d37s48s2175t8e3p",
            "labels": null,
            "local_disk": [],
            "maintenance_grace_period": "",
            "maintenance_policy": null,
            "metadata": {
              "user-data": "#cloud-config\nusers:\n  - name: gekasologub\n    groups: sudo\n    shell: /bin/bash\n    sudo: 'ALL=(ALL) NOPASSWD:ALL'\n    ssh-authorized-keys:\n      - ssh-rsa AAAAB3NzaC1yc2EAAAADAQABAAABgQC+yI61BpsRxHId5NpyM1HKeswklzZqqT1kowoRmdGGZYZMv2kUUtH/IbMkeMXbz/yjFOc/Z1fo9hA3zH5crGEEI3OTyOO2vhA60kXwFEeON7Ilh7ZK3dJbzbhXmo/ys7NDcibiXtAZSwLHVMB6uB2Wcj+jcRvosI37DZDmpCiYRHnVa8+EfxIEviRFctmVWhAGPxnnpfc4xu+qD1WpeB/ysJbDcV6AV14KLc5SWCWfkF8GdYtw9T7JH3X4iNSievOAwW1eF32g+MeqFq2oZppzhwmG20FhZUFQT4xn05zWYMASrJk6iOAhDtgjsbTx1ez7cIHVPrItyKLHVJl3uoAxeOXga92LfB6QUtKWt5I8/idMYlbzKKKaXGBtd9T1tAbpkTv5VLbT5Wg4NgIDD2nKzawFElfFCC6M2jrWfRJXQ4kml2pcRJo2KsdcwwBMqnEldVuOx1eB/NVoFN+mAtAqlQYUvYFBCLPgf527CK7v92XRfY0LhBkIsr19Jm4peNk= gekasologub@pop-os"
            },
            "metadata_options": [
              {
                "aws_v1_http_endpoint": 1,
                "aws_v1_http_token": 2,
                "gce_http_endpoint": 1,
                "gce_http_token": 1
              }
            ],
            "name": "terraform1",
            "network_acceleration_type": "standard",
            "network_interface": [
              {
                "dns_record": [],
                "index": 0,
                "ip_address": "192.168.10.29",
                "ipv4": true,
                "ipv6": false,
                "ipv6_address": "",
                "ipv6_dns_record": [],
                "mac_address": "d0:0d:86:8c:fc:22",
                "nat": true,
                "nat_dns_record": [],
                "nat_ip_address": "84.201.179.210",
                "nat_ip_version": "IPV4",
                "security_group_ids": [],
                "subnet_id": "e2ll7esd2roec6v6kqn9"
              }
            ],
            "placement_policy": [
              {
                "host_affinity_rules": [],
                "placement_group_id": "",
                "placement_group_partition": 0
              }
            ],
            "platform_id": "standard-v1",
            "resources": [
              {
                "core_fraction": 20,
                "cores": 2,
                "gpus": 0,
                "memory": 2
              }
            ],
            "scheduling_policy": [
              {
                "preemptible": true
              }
            ],
            "secondary_disk": [],
            "service_account_id": "",
            "status": "running",
            "timeouts": null,
            "zone": "ru-central1-b"
          },
          "sensitive_attributes": [],
          "private": "eyJlMmJmYjczMC1lY2FhLTExZTYtOGY4OC0zNDM2M2JjN2M0YzAiOnsiY3JlYXRlIjozMDAwMDAwMDAwMDAsImRlbGV0ZSI6MzAwMDAwMDAwMDAwLCJ1cGRhdGUiOjMwMDAwMDAwMDAwMH0sInNjaGVtYV92ZXJzaW9uIjoiMSJ9",
          "dependencies": [
            "yandex_vpc_network.network-1",
            "yandex_vpc_subnet.subnet-1"
          ]
        }
      ]
    },
    {
      "mode": "managed",
      "type": "yandex_iam_service_account",
      "name": "sa",
      "provider": "provider[\"registry.terraform.io/yandex-cloud/yandex\"]",
      "instances": [
        {
          "schema_version": 0,
          "attributes": {
            "created_at": "2024-03-31T17:25:12Z",
            "description": "сервисный_аккаунт",
            "folder_id": "b1g4f73qtp3tnt39eta9",
            "id": "ajeagds9erber4jh427k",
            "name": "gekasologub",
            "timeouts": null
          },
          "sensitive_attributes": [],
          "private": "eyJlMmJmYjczMC1lY2FhLTExZTYtOGY4OC0zNDM2M2JjN2M0YzAiOnsiY3JlYXRlIjo2MDAwMDAwMDAwMCwiZGVsZXRlIjo2MDAwMDAwMDAwMCwidXBkYXRlIjo2MDAwMDAwMDAwMH19"
        }
      ]
    },
    {
      "mode": "managed",
      "type": "yandex_organizationmanager_os_login_settings",
      "name": "my_os_login_settings",
      "provider": "provider[\"registry.terraform.io/yandex-cloud/yandex\"]",
      "instances": [
        {
          "schema_version": 0,
          "attributes": {
            "id": "bpfpdag5mt7qc7keeb58",
            "organization_id": "bpfpdag5mt7qc7keeb58",
            "ssh_certificate_settings": [
              {
                "enabled": true
              }
            ],
            "timeouts": null,
            "user_ssh_key_settings": [
              {
                "allow_manage_own_keys": true,
                "enabled": true
              }
            ]
          },
          "sensitive_attributes": [],
          "private": "eyJlMmJmYjczMC1lY2FhLTExZTYtOGY4OC0zNDM2M2JjN2M0YzAiOnsiY3JlYXRlIjo2MDAwMDAwMDAwMCwiZGVsZXRlIjo2MDAwMDAwMDAwMCwicmVhZCI6NjAwMDAwMDAwMDAsInVwZGF0ZSI6NjAwMDAwMDAwMDB9fQ=="
        }
      ]
    },
    {
      "mode": "managed",
      "type": "yandex_vpc_network",
      "name": "network-1",
      "provider": "provider[\"registry.terraform.io/yandex-cloud/yandex\"]",
      "instances": [
        {
          "schema_version": 0,
          "attributes": {
            "created_at": "2024-03-31T17:25:12Z",
            "default_security_group_id": "enp5n3dgptns2lfpoqrr",
            "description": "",
            "folder_id": "b1g4f73qtp3tnt39eta9",
            "id": "enptqp28lq4079akn2f2",
            "labels": {},
            "name": "network1-netology",
            "subnet_ids": [],
            "timeouts": null
          },
          "sensitive_attributes": [],
          "private": "eyJlMmJmYjczMC1lY2FhLTExZTYtOGY4OC0zNDM2M2JjN2M0YzAiOnsiY3JlYXRlIjo2MDAwMDAwMDAwMCwiZGVsZXRlIjo2MDAwMDAwMDAwMCwidXBkYXRlIjo2MDAwMDAwMDAwMH19"
        }
      ]
    },
    {
      "mode": "managed",
      "type": "yandex_vpc_subnet",
      "name": "subnet-1",
      "provider": "provider[\"registry.terraform.io/yandex-cloud/yandex\"]",
      "instances": [
        {
          "schema_version": 0,
          "attributes": {
            "created_at": "2024-03-31T17:25:14Z",
            "description": "",
            "dhcp_options": [],
            "folder_id": "b1g4f73qtp3tnt39eta9",
            "id": "e2ll7esd2roec6v6kqn9",
            "labels": {},
            "name": "subnet1",
            "network_id": "enptqp28lq4079akn2f2",
            "route_table_id": "",
            "timeouts": null,
            "v4_cidr_blocks": [
              "192.168.10.0/24"
            ],
            "v6_cidr_blocks": [],
            "zone": "ru-central1-b"
          },
          "sensitive_attributes": [],
          "private": "eyJlMmJmYjczMC1lY2FhLTExZTYtOGY4OC0zNDM2M2JjN2M0YzAiOnsiY3JlYXRlIjoxODAwMDAwMDAwMDAsImRlbGV0ZSI6MTgwMDAwMDAwMDAwLCJ1cGRhdGUiOjE4MDAwMDAwMDAwMH19",
          "dependencies": [
            "yandex_vpc_network.network-1"
          ]
        }
      ]
    }
  ],
  "check_results": null
}
