{
  "version": 4,
  "terraform_version": "1.7.5",
  "serial": 202,
  "lineage": "817db7bf-7aad-62d9-e1f9-5ba0ef9bcb87",
  "outputs": {
    "external_ip_address_vm_s0": {
      "value": "51.250.110.101",
      "type": "string"
    },
    "external_ip_address_vm_s1": {
      "value": "51.250.30.170",
      "type": "string"
    },
    "internal_ip_address_vm_s0": {
      "value": "192.168.10.21",
      "type": "string"
    },
    "internal_ip_address_vm_s1": {
      "value": "192.168.10.26",
      "type": "string"
    }
  },
  "resources": [
    {
      "mode": "managed",
      "type": "yandex_compute_instance",
      "name": "vm",
      "provider": "provider[\"registry.terraform.io/yandex-cloud/yandex\"]",
      "instances": [
        {
          "index_key": 0,
          "schema_version": 1,
          "attributes": {
            "allow_recreate": null,
            "allow_stopping_for_update": null,
            "boot_disk": [
              {
                "auto_delete": true,
                "device_name": "epdplhub9e8ukqf32pjm",
                "disk_id": "epdplhub9e8ukqf32pjm",
                "initialize_params": [
                  {
                    "block_size": 4096,
                    "description": "",
                    "image_id": "fd8aadpj5i9mrmu5bit1",
                    "name": "",
                    "size": 10,
                    "snapshot_id": "",
                    "type": "network-hdd"
                  }
                ],
                "mode": "READ_WRITE"
              }
            ],
            "created_at": "2024-06-04T20:48:16Z",
            "description": "",
            "filesystem": [],
            "folder_id": "b1g4f73qtp3tnt39eta9",
            "fqdn": "epdb76fobhtamchaij0p.auto.internal",
            "gpu_cluster_id": "",
            "hostname": "",
            "id": "epdb76fobhtamchaij0p",
            "labels": null,
            "local_disk": [],
            "maintenance_grace_period": "",
            "maintenance_policy": null,
            "metadata": {
              "user-data": "#cloud-config\nusers:\n  - name: root\n    groups: sudo\n    shell: /bin/bash\n    sudo: 'ALL=(ALL) NOPASSWD:ALL'\n    ssh-authorized-keys:\n      - ssh-rsa AAAAB3NzaC1yc2EAAAADAQABAAABgQDHLanzNhJDiwRU+sn88wSOxulsvVIPqx9c0h2IUaxs1g2G2ocTmE7oiJhCs/8cQGcPlGPGH5j8O6YbYT2vi0xxzP5fr//jane09gNfLymUyd/JxaNknA3lQgtNiriY/7NZl6lzI0ZLWXZb4Rfs1b3hqgkAaH2c6xQrS1IsIBjnLsj9DyCwnbxPUKMFu95DicBDt9pvg6FnjJN4hGRNwp17x3VcYY0Kgq9iN0IQ6W8s9leCf68QWy8yxX5wFfGbtQIxjXfcpeVLpXOLg9TKvEa9AuIiHSP2ui2ZzDVhGJEfTP+bpj6Hq43UVlUlq11oy63JWwTet+OlOPFDBY8gDok1kmIQ8DDR6LS4zWpRH6PvVuZXKPmi0nuFP685jj4K3MQ+k6gkuNv9ccjl284N6cL7lhnG2prmaiSaFnxJS49ZGl0D15MDkEs/rzOPTJBr9bpZ+LKZ5iHoSmn9tf79jImB7D1H+60u4uFNZ5bfho6W6VGbjBeax9FBLvpyTocWEgM= gekasologub@pop-os"
            },
            "metadata_options": [
              {
                "aws_v1_http_endpoint": 1,
                "aws_v1_http_token": 2,
                "gce_http_endpoint": 1,
                "gce_http_token": 1
              }
            ],
            "name": "vm0",
            "network_acceleration_type": "standard",
            "network_interface": [
              {
                "dns_record": [],
                "index": 0,
                "ip_address": "192.168.10.21",
                "ipv4": true,
                "ipv6": false,
                "ipv6_address": "",
                "ipv6_dns_record": [],
                "mac_address": "d0:0d:b3:99:f8:5c",
                "nat": true,
                "nat_dns_record": [],
                "nat_ip_address": "51.250.110.101",
                "nat_ip_version": "IPV4",
                "security_group_ids": [],
                "subnet_id": "e2ld017gnqi6k802ct61"
              }
            ],
            "placement_policy": [
              {
                "host_affinity_rules": [],
                "placement_group_id": "",
                "placement_group_partition": 0
              }
            ],
            "platform_id": "standard-v1",
            "resources": [
              {
                "core_fraction": 20,
                "cores": 2,
                "gpus": 0,
                "memory": 2
              }
            ],
            "scheduling_policy": [
              {
                "preemptible": true
              }
            ],
            "secondary_disk": [],
            "service_account_id": "",
            "status": "running",
            "timeouts": null,
            "zone": "ru-central1-b"
          },
          "sensitive_attributes": [],
          "private": "eyJlMmJmYjczMC1lY2FhLTExZTYtOGY4OC0zNDM2M2JjN2M0YzAiOnsiY3JlYXRlIjozMDAwMDAwMDAwMDAsImRlbGV0ZSI6MzAwMDAwMDAwMDAwLCJ1cGRhdGUiOjMwMDAwMDAwMDAwMH0sInNjaGVtYV92ZXJzaW9uIjoiMSJ9",
          "dependencies": [
            "yandex_vpc_network.network1",
            "yandex_vpc_subnet.subnet1"
          ]
        },
        {
          "index_key": 1,
          "schema_version": 1,
          "attributes": {
            "allow_recreate": null,
            "allow_stopping_for_update": null,
            "boot_disk": [
              {
                "auto_delete": true,
                "device_name": "epd9mjredjbcvmm8ebru",
                "disk_id": "epd9mjredjbcvmm8ebru",
                "initialize_params": [
                  {
                    "block_size": 4096,
                    "description": "",
                    "image_id": "fd8aadpj5i9mrmu5bit1",
                    "name": "",
                    "size": 10,
                    "snapshot_id": "",
                    "type": "network-hdd"
                  }
                ],
                "mode": "READ_WRITE"
              }
            ],
            "created_at": "2024-06-04T20:48:16Z",
            "description": "",
            "filesystem": [],
            "folder_id": "b1g4f73qtp3tnt39eta9",
            "fqdn": "epdki0gqerpgp73inrut.auto.internal",
            "gpu_cluster_id": "",
            "hostname": "",
            "id": "epdki0gqerpgp73inrut",
            "labels": null,
            "local_disk": [],
            "maintenance_grace_period": "",
            "maintenance_policy": null,
            "metadata": {
              "user-data": "#cloud-config\nusers:\n  - name: root\n    groups: sudo\n    shell: /bin/bash\n    sudo: 'ALL=(ALL) NOPASSWD:ALL'\n    ssh-authorized-keys:\n      - ssh-rsa AAAAB3NzaC1yc2EAAAADAQABAAABgQDHLanzNhJDiwRU+sn88wSOxulsvVIPqx9c0h2IUaxs1g2G2ocTmE7oiJhCs/8cQGcPlGPGH5j8O6YbYT2vi0xxzP5fr//jane09gNfLymUyd/JxaNknA3lQgtNiriY/7NZl6lzI0ZLWXZb4Rfs1b3hqgkAaH2c6xQrS1IsIBjnLsj9DyCwnbxPUKMFu95DicBDt9pvg6FnjJN4hGRNwp17x3VcYY0Kgq9iN0IQ6W8s9leCf68QWy8yxX5wFfGbtQIxjXfcpeVLpXOLg9TKvEa9AuIiHSP2ui2ZzDVhGJEfTP+bpj6Hq43UVlUlq11oy63JWwTet+OlOPFDBY8gDok1kmIQ8DDR6LS4zWpRH6PvVuZXKPmi0nuFP685jj4K3MQ+k6gkuNv9ccjl284N6cL7lhnG2prmaiSaFnxJS49ZGl0D15MDkEs/rzOPTJBr9bpZ+LKZ5iHoSmn9tf79jImB7D1H+60u4uFNZ5bfho6W6VGbjBeax9FBLvpyTocWEgM= gekasologub@pop-os"
            },
            "metadata_options": [
              {
                "aws_v1_http_endpoint": 1,
                "aws_v1_http_token": 2,
                "gce_http_endpoint": 1,
                "gce_http_token": 1
              }
            ],
            "name": "vm1",
            "network_acceleration_type": "standard",
            "network_interface": [
              {
                "dns_record": [],
                "index": 0,
                "ip_address": "192.168.10.26",
                "ipv4": true,
                "ipv6": false,
                "ipv6_address": "",
                "ipv6_dns_record": [],
                "mac_address": "d0:0d:14:90:21:a7",
                "nat": true,
                "nat_dns_record": [],
                "nat_ip_address": "51.250.30.170",
                "nat_ip_version": "IPV4",
                "security_group_ids": [],
                "subnet_id": "e2ld017gnqi6k802ct61"
              }
            ],
            "placement_policy": [
              {
                "host_affinity_rules": [],
                "placement_group_id": "",
                "placement_group_partition": 0
              }
            ],
            "platform_id": "standard-v1",
            "resources": [
              {
                "core_fraction": 20,
                "cores": 2,
                "gpus": 0,
                "memory": 2
              }
            ],
            "scheduling_policy": [
              {
                "preemptible": true
              }
            ],
            "secondary_disk": [],
            "service_account_id": "",
            "status": "running",
            "timeouts": null,
            "zone": "ru-central1-b"
          },
          "sensitive_attributes": [],
          "private": "eyJlMmJmYjczMC1lY2FhLTExZTYtOGY4OC0zNDM2M2JjN2M0YzAiOnsiY3JlYXRlIjozMDAwMDAwMDAwMDAsImRlbGV0ZSI6MzAwMDAwMDAwMDAwLCJ1cGRhdGUiOjMwMDAwMDAwMDAwMH0sInNjaGVtYV92ZXJzaW9uIjoiMSJ9",
          "dependencies": [
            "yandex_vpc_network.network1",
            "yandex_vpc_subnet.subnet1"
          ]
        }
      ]
    },
    {
      "mode": "managed",
      "type": "yandex_iam_service_account",
      "name": "sa",
      "provider": "provider[\"registry.terraform.io/yandex-cloud/yandex\"]",
      "instances": [
        {
          "schema_version": 0,
          "attributes": {
            "created_at": "2024-06-04T20:48:14Z",
            "description": "сервисный_аккаунт",
            "folder_id": "b1g4f73qtp3tnt39eta9",
            "id": "ajefm515sbfj3b9jccv7",
            "name": "gekasologub",
            "timeouts": null
          },
          "sensitive_attributes": [],
          "private": "eyJlMmJmYjczMC1lY2FhLTExZTYtOGY4OC0zNDM2M2JjN2M0YzAiOnsiY3JlYXRlIjo2MDAwMDAwMDAwMCwiZGVsZXRlIjo2MDAwMDAwMDAwMCwidXBkYXRlIjo2MDAwMDAwMDAwMH19"
        }
      ]
    },
    {
      "mode": "managed",
      "type": "yandex_lb_network_load_balancer",
      "name": "balancer_foo",
      "provider": "provider[\"registry.terraform.io/yandex-cloud/yandex\"]",
      "instances": [
        {
          "schema_version": 0,
          "attributes": {
            "attached_target_group": [
              {
                "healthcheck": [
                  {
                    "healthy_threshold": 2,
                    "http_options": [
                      {
                        "path": "/ping",
                        "port": 80
                      }
                    ],
                    "interval": 2,
                    "name": "http",
                    "tcp_options": [],
                    "timeout": 1,
                    "unhealthy_threshold": 2
                  }
                ],
                "target_group_id": "enpd1m3f9m43n6ai7727"
              }
            ],
            "created_at": "2024-06-04T20:49:03Z",
            "deletion_protection": false,
            "description": "",
            "folder_id": "b1g4f73qtp3tnt39eta9",
            "id": "enpsrje1r28ea2jr50j3",
            "labels": null,
            "listener": [
              {
                "external_address_spec": [
                  {
                    "address": "158.160.162.1",
                    "ip_version": "ipv4"
                  }
                ],
                "internal_address_spec": [],
                "name": "my-listener",
                "port": 80,
                "protocol": "tcp",
                "target_port": 80
              }
            ],
            "name": "my-network-load-balancer",
            "region_id": "ru-central1",
            "timeouts": null,
            "type": "external"
          },
          "sensitive_attributes": [],
          "private": "eyJlMmJmYjczMC1lY2FhLTExZTYtOGY4OC0zNDM2M2JjN2M0YzAiOnsiY3JlYXRlIjozMDAwMDAwMDAwMDAsImRlbGV0ZSI6MzAwMDAwMDAwMDAwLCJ1cGRhdGUiOjMwMDAwMDAwMDAwMH19",
          "dependencies": [
            "yandex_compute_instance.vm",
            "yandex_lb_target_group.traget_foo",
            "yandex_vpc_network.network1",
            "yandex_vpc_subnet.subnet1"
          ]
        }
      ]
    },
    {
      "mode": "managed",
      "type": "yandex_lb_target_group",
      "name": "traget_foo",
      "provider": "provider[\"registry.terraform.io/yandex-cloud/yandex\"]",
      "instances": [
        {
          "schema_version": 0,
          "attributes": {
            "created_at": "2024-06-04T20:49:02Z",
            "description": "",
            "folder_id": "b1g4f73qtp3tnt39eta9",
            "id": "enpd1m3f9m43n6ai7727",
            "labels": null,
            "name": "my-target-group",
            "region_id": "ru-central1",
            "target": [
              {
                "address": "192.168.10.21",
                "subnet_id": "e2ld017gnqi6k802ct61"
              },
              {
                "address": "192.168.10.26",
                "subnet_id": "e2ld017gnqi6k802ct61"
              }
            ],
            "timeouts": null
          },
          "sensitive_attributes": [],
          "private": "eyJlMmJmYjczMC1lY2FhLTExZTYtOGY4OC0zNDM2M2JjN2M0YzAiOnsiY3JlYXRlIjozMDAwMDAwMDAwMDAsImRlbGV0ZSI6MzAwMDAwMDAwMDAwLCJ1cGRhdGUiOjMwMDAwMDAwMDAwMH19",
          "dependencies": [
            "yandex_compute_instance.vm",
            "yandex_vpc_network.network1",
            "yandex_vpc_subnet.subnet1"
          ]
        }
      ]
    },
    {
      "mode": "managed",
      "type": "yandex_organizationmanager_os_login_settings",
      "name": "my_os_login_settings",
      "provider": "provider[\"registry.terraform.io/yandex-cloud/yandex\"]",
      "instances": [
        {
          "schema_version": 0,
          "attributes": {
            "id": "bpfpdag5mt7qc7keeb58",
            "organization_id": "bpfpdag5mt7qc7keeb58",
            "ssh_certificate_settings": [
              {
                "enabled": true
              }
            ],
            "timeouts": null,
            "user_ssh_key_settings": [
              {
                "allow_manage_own_keys": true,
                "enabled": true
              }
            ]
          },
          "sensitive_attributes": [],
          "private": "eyJlMmJmYjczMC1lY2FhLTExZTYtOGY4OC0zNDM2M2JjN2M0YzAiOnsiY3JlYXRlIjo2MDAwMDAwMDAwMCwiZGVsZXRlIjo2MDAwMDAwMDAwMCwicmVhZCI6NjAwMDAwMDAwMDAsInVwZGF0ZSI6NjAwMDAwMDAwMDB9fQ=="
        }
      ]
    },
    {
      "mode": "managed",
      "type": "yandex_vpc_network",
      "name": "network1",
      "provider": "provider[\"registry.terraform.io/yandex-cloud/yandex\"]",
      "instances": [
        {
          "schema_version": 0,
          "attributes": {
            "created_at": "2024-06-04T20:48:13Z",
            "default_security_group_id": "enpgfl3nl62cu6fuj1c9",
            "description": "",
            "folder_id": "b1g4f73qtp3tnt39eta9",
            "id": "enp6j3dmrhc3i33j9bp4",
            "labels": {},
            "name": "network1",
            "subnet_ids": [],
            "timeouts": null
          },
          "sensitive_attributes": [],
          "private": "eyJlMmJmYjczMC1lY2FhLTExZTYtOGY4OC0zNDM2M2JjN2M0YzAiOnsiY3JlYXRlIjo2MDAwMDAwMDAwMCwiZGVsZXRlIjo2MDAwMDAwMDAwMCwidXBkYXRlIjo2MDAwMDAwMDAwMH19"
        }
      ]
    },
    {
      "mode": "managed",
      "type": "yandex_vpc_subnet",
      "name": "subnet1",
      "provider": "provider[\"registry.terraform.io/yandex-cloud/yandex\"]",
      "instances": [
        {
          "schema_version": 0,
          "attributes": {
            "created_at": "2024-06-04T20:48:15Z",
            "description": "",
            "dhcp_options": [],
            "folder_id": "b1g4f73qtp3tnt39eta9",
            "id": "e2ld017gnqi6k802ct61",
            "labels": {},
            "name": "subnet1",
            "network_id": "enp6j3dmrhc3i33j9bp4",
            "route_table_id": "",
            "timeouts": null,
            "v4_cidr_blocks": [
              "192.168.10.0/24"
            ],
            "v6_cidr_blocks": [],
            "zone": "ru-central1-b"
          },
          "sensitive_attributes": [],
          "private": "eyJlMmJmYjczMC1lY2FhLTExZTYtOGY4OC0zNDM2M2JjN2M0YzAiOnsiY3JlYXRlIjoxODAwMDAwMDAwMDAsImRlbGV0ZSI6MTgwMDAwMDAwMDAwLCJ1cGRhdGUiOjE4MDAwMDAwMDAwMH19",
          "dependencies": [
            "yandex_vpc_network.network1"
          ]
        }
      ]
    }
  ],
  "check_results": null
}
